{
  "requires": true,
  "lockfileVersion": 1,
  "dependencies": {
    "semantic-ui-icon": {
      "version": "2.3.3",
      "resolved": "https://registry.npmjs.org/semantic-ui-icon/-/semantic-ui-icon-2.3.3.tgz",
      "integrity": "sha512-TuO265ICYGoNPs0rjanqDlrx8hfcpl4MMv92OUwFCbDwee4nGj8+Dv+i1RvkPPr0gO565G/0EKs8vF4wwhMMBw=="
    }
  }
}
